
Microsoft Visual Studio Solution File, Format Version 12.00
# Visual Studio 15
VisualStudioVersion = 15.0.28307.572
MinimumVisualStudioVersion = 10.0.40219.1
Project("{8BC9CEB8-8B4A-11D0-8D11-00A0C91BC942}") = "manual_map_injector", "manual_map_injector\manual_map_injector.vcxproj", "{61DD47AB-6B20-4B7A-9817-21A551B1926B}"
EndProject
Global
	GlobalSection(SolutionConfigurationPlatforms) = preSolution
		Debug|x64 = Debug|x64
		Debug|x86 = Debug|x86
		Release|x64 = Release|x64
		Release|x86 = Release|x86
	EndGlobalSection
	GlobalSection(ProjectConfigurationPlatforms) = postSolution
		{61DD47AB-6B20-4B7A-9817-21A551B1926B}.Debug|x64.ActiveCfg = Debug|x64
		{61DD47AB-6B20-4B7A-9817-21A551B1926B}.Debug|x64.Build.0 = Debug|x64
		{61DD47AB-6B20-4B7A-9817-21A551B1926B}.Debug|x86.ActiveCfg = Debug|Win32
		{61DD47AB-6B20-4B7A-9817-21A551B1926B}.Debug|x86.Build.0 = Debug|Win32
		{61DD47AB-6B20-4B7A-9817-21A551B1926B}.Release|x64.ActiveCfg = Release|x64
		{61DD47AB-6B20-4B7A-9817-21A551B1926B}.Release|x64.Build.0 = Release|x64
		{61DD47AB-6B20-4B7A-9817-21A551B1926B}.Release|x86.ActiveCfg = Release|Win32
		{61DD47AB-6B20-4B7A-9817-21A551B1926B}.Release|x86.Build.0 = Release|Win32
	EndGlobalSection
	GlobalSection(SolutionProperties) = preSolution
		HideSolutionNode = FALSE
	EndGlobalSection
	GlobalSection(ExtensibilityGlobals) = postSolution
		SolutionGuid = {BEA1E7D1-76E9-4446-BD67-D513EE1CEE1A}
	EndGlobalSection
EndGlobal
